// !$*UTF8*$!
{
	archiveVersion = 1;
	classes = {
	};
	objectVersion = 46;
	objects = {

/* Begin PBXBuildFile section */
		D35A3E761AD25AFF009CD9BE /* main.m in Sources */ = {isa = PBXBuildFile; fileRef = D35A3E751AD25AFF009CD9BE /* main.m */; };
		D35A3E791AD25AFF009CD9BE /* AppDelegate.m in Sources */ = {isa = PBXBuildFile; fileRef = D35A3E781AD25AFF009CD9BE /* AppDelegate.m */; };
		D35A3E7F1AD25AFF009CD9BE /* Main.storyboard in Resources */ = {isa = PBXBuildFile; fileRef = D35A3E7D1AD25AFF009CD9BE /* Main.storyboard */; };
		D35A3E811AD25AFF009CD9BE /* Images.xcassets in Resources */ = {isa = PBXBuildFile; fileRef = D35A3E801AD25AFF009CD9BE /* Images.xcassets */; };
		D35A3E841AD25AFF009CD9BE /* LaunchScreen.xib in Resources */ = {isa = PBXBuildFile; fileRef = D35A3E821AD25AFF009CD9BE /* LaunchScreen.xib */; };
		D35A3E901AD25AFF009CD9BE /* YSCTableViewCellTests.m in Sources */ = {isa = PBXBuildFile; fileRef = D35A3E8F1AD25AFF009CD9BE /* YSCTableViewCellTests.m */; };
		D3FEA4A41AD25B760036321C /* YSCTableViewCell.m in Sources */ = {isa = PBXBuildFile; fileRef = D3FEA4A21AD25B760036321C /* YSCTableViewCell.m */; };
		D3FEA4A51AD25B760036321C /* YSCTableViewCell.xib in Resources */ = {isa = PBXBuildFile; fileRef = D3FEA4A31AD25B760036321C /* YSCTableViewCell.xib */; };
		D3FEA4A81AD25BB10036321C /* TestViewController.m in Sources */ = {isa = PBXBuildFile; fileRef = D3FEA4A71AD25BB10036321C /* TestViewController.m */; };
		D3FEA4AB1AD25FCE0036321C /* UIView+Addition.m in Sources */ = {isa = PBXBuildFile; fileRef = D3FEA4AA1AD25FCE0036321C /* UIView+Addition.m */; };
		D3FEA4AD1AD261450036321C /* icon_test@2x.png in Resources */ = {isa = PBXBuildFile; fileRef = D3FEA4AC1AD261450036321C /* icon_test@2x.png */; };
		D3FEA4AF1AD2616C0036321C /* arrow_right@2x.png in Resources */ = {isa = PBXBuildFile; fileRef = D3FEA4AE1AD2616C0036321C /* arrow_right@2x.png */; };
/* End PBXBuildFile section */

/* Begin PBXContainerItemProxy section */
		D35A3E8A1AD25AFF009CD9BE /* PBXContainerItemProxy */ = {
			isa = PBXContainerItemProxy;
			containerPortal = D35A3E681AD25AFF009CD9BE /* Project object */;
			proxyType = 1;
			remoteGlobalIDString = D35A3E6F1AD25AFF009CD9BE;
			remoteInfo = YSCTableViewCell;
		};
/* End PBXContainerItemProxy section */

/* Begin PBXFileReference section */
		D35A3E701AD25AFF009CD9BE /* YSCTableViewCell.app */ = {isa = PBXFileReference; explicitFileType = wrapper.application; includeInIndex = 0; path = YSCTableViewCell.app; sourceTree = BUILT_PRODUCTS_DIR; };
		D35A3E741AD25AFF009CD9BE /* Info.plist */ = {isa = PBXFileReference; lastKnownFileType = text.plist.xml; path = Info.plist; sourceTree = "<group>"; };
		D35A3E751AD25AFF009CD9BE /* main.m */ = {isa = PBXFileReference; lastKnownFileType = sourcecode.c.objc; path = main.m; sourceTree = "<group>"; };
		D35A3E771AD25AFF009CD9BE /* AppDelegate.h */ = {isa = PBXFileReference; lastKnownFileType = sourcecode.c.h; path = AppDelegate.h; sourceTree = "<group>"; };
		D35A3E781AD25AFF009CD9BE /* AppDelegate.m */ = {isa = PBXFileReference; lastKnownFileType = sourcecode.c.objc; path = AppDelegate.m; sourceTree = "<group>"; };
		D35A3E7E1AD25AFF009CD9BE /* Base */ = {isa = PBXFileReference; lastKnownFileType = file.storyboard; name = Base; path = Base.lproj/Main.storyboard; sourceTree = "<group>"; };
		D35A3E801AD25AFF009CD9BE /* Images.xcassets */ = {isa = PBXFileReference; lastKnownFileType = folder.assetcatalog; path = Images.xcassets; sourceTree = "<group>"; };
		D35A3E831AD25AFF009CD9BE /* Base */ = {isa = PBXFileReference; lastKnownFileType = file.xib; name = Base; path = Base.lproj/LaunchScreen.xib; sourceTree = "<group>"; };
		D35A3E891AD25AFF009CD9BE /* YSCTableViewCellTests.xctest */ = {isa = PBXFileReference; explicitFileType = wrapper.cfbundle; includeInIndex = 0; path = YSCTableViewCellTests.xctest; sourceTree = BUILT_PRODUCTS_DIR; };
		D35A3E8E1AD25AFF009CD9BE /* Info.plist */ = {isa = PBXFileReference; lastKnownFileType = text.plist.xml; path = Info.plist; sourceTree = "<group>"; };
		D35A3E8F1AD25AFF009CD9BE /* YSCTableViewCellTests.m */ = {isa = PBXFileReference; lastKnownFileType = sourcecode.c.objc; path = YSCTableViewCellTests.m; sourceTree = "<group>"; };
		D3FEA4A11AD25B760036321C /* YSCTableViewCell.h */ = {isa = PBXFileReference; fileEncoding = 4; lastKnownFileType = sourcecode.c.h; path = YSCTableViewCell.h; sourceTree = "<group>"; };
		D3FEA4A21AD25B760036321C /* YSCTableViewCell.m */ = {isa = PBXFileReference; fileEncoding = 4; lastKnownFileType = sourcecode.c.objc; path = YSCTableViewCell.m; sourceTree = "<group>"; };
		D3FEA4A31AD25B760036321C /* YSCTableViewCell.xib */ = {isa = PBXFileReference; fileEncoding = 4; lastKnownFileType = file.xib; path = YSCTableViewCell.xib; sourceTree = "<group>"; };
		D3FEA4A61AD25BB10036321C /* TestViewController.h */ = {isa = PBXFileReference; fileEncoding = 4; lastKnownFileType = sourcecode.c.h; path = TestViewController.h; sourceTree = "<group>"; };
		D3FEA4A71AD25BB10036321C /* TestViewController.m */ = {isa = PBXFileReference; fileEncoding = 4; lastKnownFileType = sourcecode.c.objc; path = TestViewController.m; sourceTree = "<group>"; };
		D3FEA4A91AD25FCE0036321C /* UIView+Addition.h */ = {isa = PBXFileReference; fileEncoding = 4; lastKnownFileType = sourcecode.c.h; path = "UIView+Addition.h"; sourceTree = "<group>"; };
		D3FEA4AA1AD25FCE0036321C /* UIView+Addition.m */ = {isa = PBXFileReference; fileEncoding = 4; lastKnownFileType = sourcecode.c.objc; path = "UIView+Addition.m"; sourceTree = "<group>"; };
		D3FEA4AC1AD261450036321C /* icon_test@2x.png */ = {isa = PBXFileReference; lastKnownFileType = image.png; path = "icon_test@2x.png"; sourceTree = "<group>"; };
		D3FEA4AE1AD2616C0036321C /* arrow_right@2x.png */ = {isa = PBXFileReference; lastKnownFileType = image.png; path = "arrow_right@2x.png"; sourceTree = "<group>"; };
/* End PBXFileReference section */

/* Begin PBXFrameworksBuildPhase section */
		D35A3E6D1AD25AFF009CD9BE /* Frameworks */ = {
			isa = PBXFrameworksBuildPhase;
			buildActionMask = 2147483647;
			files = (
			);
			runOnlyForDeploymentPostprocessing = 0;
		};
		D35A3E861AD25AFF009CD9BE /* Frameworks */ = {
			isa = PBXFrameworksBuildPhase;
			buildActionMask = 2147483647;
			files = (
			);
			runOnlyForDeploymentPostprocessing = 0;
		};
/* End PBXFrameworksBuildPhase section */

/* Begin PBXGroup section */
		D35A3E671AD25AFF009CD9BE = {
			isa = PBXGroup;
			children = (
				D35A3E721AD25AFF009CD9BE /* YSCTableViewCell */,
				D35A3E8C1AD25AFF009CD9BE /* YSCTableViewCellTests */,
				D35A3E711AD25AFF009CD9BE /* Products */,
			);
			sourceTree = "<group>";
		};
		D35A3E711AD25AFF009CD9BE /* Products */ = {
			isa = PBXGroup;
			children = (
				D35A3E701AD25AFF009CD9BE /* YSCTableViewCell.app */,
				D35A3E891AD25AFF009CD9BE /* YSCTableViewCellTests.xctest */,
			);
			name = Products;
			sourceTree = "<group>";
		};
		D35A3E721AD25AFF009CD9BE /* YSCTableViewCell */ = {
			isa = PBXGroup;
			children = (
				D3FEA49F1AD25B760036321C /* YSCTableViewCell */,
				D35A3E771AD25AFF009CD9BE /* AppDelegate.h */,
				D35A3E781AD25AFF009CD9BE /* AppDelegate.m */,
				D3FEA4A61AD25BB10036321C /* TestViewController.h */,
				D3FEA4A71AD25BB10036321C /* TestViewController.m */,
				D35A3E7D1AD25AFF009CD9BE /* Main.storyboard */,
				D35A3E801AD25AFF009CD9BE /* Images.xcassets */,
				D35A3E821AD25AFF009CD9BE /* LaunchScreen.xib */,
				D35A3E731AD25AFF009CD9BE /* Supporting Files */,
			);
			path = YSCTableViewCell;
			sourceTree = "<group>";
		};
		D35A3E731AD25AFF009CD9BE /* Supporting Files */ = {
			isa = PBXGroup;
			children = (
				D35A3E741AD25AFF009CD9BE /* Info.plist */,
				D35A3E751AD25AFF009CD9BE /* main.m */,
			);
			name = "Supporting Files";
			sourceTree = "<group>";
		};
		D35A3E8C1AD25AFF009CD9BE /* YSCTableViewCellTests */ = {
			isa = PBXGroup;
			children = (
				D35A3E8F1AD25AFF009CD9BE /* YSCTableViewCellTests.m */,
				D35A3E8D1AD25AFF009CD9BE /* Supporting Files */,
			);
			path = YSCTableViewCellTests;
			sourceTree = "<group>";
		};
		D35A3E8D1AD25AFF009CD9BE /* Supporting Files */ = {
			isa = PBXGroup;
			children = (
				D35A3E8E1AD25AFF009CD9BE /* Info.plist */,
			);
			name = "Supporting Files";
			sourceTree = "<group>";
		};
		D3FEA49F1AD25B760036321C /* YSCTableViewCell */ = {
			isa = PBXGroup;
			children = (
				D3FEA4A01AD25B760036321C /* dependents */,
				D3FEA4A11AD25B760036321C /* YSCTableViewCell.h */,
				D3FEA4A21AD25B760036321C /* YSCTableViewCell.m */,
				D3FEA4A31AD25B760036321C /* YSCTableViewCell.xib */,
			);
			path = YSCTableViewCell;
			sourceTree = "<group>";
		};
		D3FEA4A01AD25B760036321C /* dependents */ = {
			isa = PBXGroup;
			children = (
				D3FEA4AC1AD261450036321C /* icon_test@2x.png */,
				D3FEA4AE1AD2616C0036321C /* arrow_right@2x.png */,
				D3FEA4A91AD25FCE0036321C /* UIView+Addition.h */,
				D3FEA4AA1AD25FCE0036321C /* UIView+Addition.m */,
			);
			path = dependents;
			sourceTree = "<group>";
		};
/* End PBXGroup section */

/* Begin PBXNativeTarget section */
		D35A3E6F1AD25AFF009CD9BE /* YSCTableViewCell */ = {
			isa = PBXNativeTarget;
			buildConfigurationList = D35A3E931AD25AFF009CD9BE /* Build configuration list for PBXNativeTarget "YSCTableViewCell" */;
			buildPhases = (
				D35A3E6C1AD25AFF009CD9BE /* Sources */,
				D35A3E6D1AD25AFF009CD9BE /* Frameworks */,
				D35A3E6E1AD25AFF009CD9BE /* Resources */,
			);
			buildRules = (
			);
			dependencies = (
			);
			name = YSCTableViewCell;
			productName = YSCTableViewCell;
			productReference = D35A3E701AD25AFF009CD9BE /* YSCTableViewCell.app */;
			productType = "com.apple.product-type.application";
		};
		D35A3E881AD25AFF009CD9BE /* YSCTableViewCellTests */ = {
			isa = PBXNativeTarget;
			buildConfigurationList = D35A3E961AD25AFF009CD9BE /* Build configuration list for PBXNativeTarget "YSCTableViewCellTests" */;
			buildPhases = (
				D35A3E851AD25AFF009CD9BE /* Sources */,
				D35A3E861AD25AFF009CD9BE /* Frameworks */,
				D35A3E871AD25AFF009CD9BE /* Resources */,
			);
			buildRules = (
			);
			dependencies = (
				D35A3E8B1AD25AFF009CD9BE /* PBXTargetDependency */,
			);
			name = YSCTableViewCellTests;
			productName = YSCTableViewCellTests;
			productReference = D35A3E891AD25AFF009CD9BE /* YSCTableViewCellTests.xctest */;
			productType = "com.apple.product-type.bundle.unit-test";
		};
/* End PBXNativeTarget section */

/* Begin PBXProject section */
		D35A3E681AD25AFF009CD9BE /* Project object */ = {
			isa = PBXProject;
			attributes = {
				LastUpgradeCheck = 0610;
				ORGANIZATIONNAME = YangShengchao;
				TargetAttributes = {
					D35A3E6F1AD25AFF009CD9BE = {
						CreatedOnToolsVersion = 6.1.1;
					};
					D35A3E881AD25AFF009CD9BE = {
						CreatedOnToolsVersion = 6.1.1;
						TestTargetID = D35A3E6F1AD25AFF009CD9BE;
					};
				};
			};
			buildConfigurationList = D35A3E6B1AD25AFF009CD9BE /* Build configuration list for PBXProject "YSCTableViewCell" */;
			compatibilityVersion = "Xcode 3.2";
			developmentRegion = English;
			hasScannedForEncodings = 0;
			knownRegions = (
				en,
				Base,
			);
			mainGroup = D35A3E671AD25AFF009CD9BE;
			productRefGroup = D35A3E711AD25AFF009CD9BE /* Products */;
			projectDirPath = "";
			projectRoot = "";
			targets = (
				D35A3E6F1AD25AFF009CD9BE /* YSCTableViewCell */,
				D35A3E881AD25AFF009CD9BE /* YSCTableViewCellTests */,
			);
		};
/* End PBXProject section */

/* Begin PBXResourcesBuildPhase section */
		D35A3E6E1AD25AFF009CD9BE /* Resources */ = {
			isa = PBXResourcesBuildPhase;
			buildActionMask = 2147483647;
			files = (
				D3FEA4AD1AD261450036321C /* icon_test@2x.png in Resources */,
				D35A3E7F1AD25AFF009CD9BE /* Main.storyboard in Resources */,
				D35A3E841AD25AFF009CD9BE /* LaunchScreen.xib in Resources */,
				D35A3E811AD25AFF009CD9BE /* Images.xcassets in Resources */,
				D3FEA4A51AD25B760036321C /* YSCTableViewCell.xib in Resources */,
				D3FEA4AF1AD2616C0036321C /* arrow_right@2x.png in Resources */,
			);
			runOnlyForDeploymentPostprocessing = 0;
		};
		D35A3E871AD25AFF009CD9BE /* Resources */ = {
			isa = PBXResourcesBuildPhase;
			buildActionMask = 2147483647;
			files = (
			);
			runOnlyForDeploymentPostprocessing = 0;
		};
/* End PBXResourcesBuildPhase section */

/* Begin PBXSourcesBuildPhase section */
		D35A3E6C1AD25AFF009CD9BE /* Sources */ = {
			isa = PBXSourcesBuildPhase;
			buildActionMask = 2147483647;
			files = (
				D35A3E791AD25AFF009CD9BE /* AppDelegate.m in Sources */,
				D3FEA4AB1AD25FCE0036321C /* UIView+Addition.m in Sources */,
				D35A3E761AD25AFF009CD9BE /* main.m in Sources */,
				D3FEA4A81AD25BB10036321C /* TestViewController.m in Sources */,
				D3FEA4A41AD25B760036321C /* YSCTableViewCell.m in Sources */,
			);
			runOnlyForDeploymentPostprocessing = 0;
		};
		D35A3E851AD25AFF009CD9BE /* Sources */ = {
			isa = PBXSourcesBuildPhase;
			buildActionMask = 2147483647;
			files = (
				D35A3E901AD25AFF009CD9BE /* YSCTableViewCellTests.m in Sources */,
			);
			runOnlyForDeploymentPostprocessing = 0;
		};
/* End PBXSourcesBuildPhase section */

/* Begin PBXTargetDependency section */
		D35A3E8B1AD25AFF009CD9BE /* PBXTargetDependency */ = {
			isa = PBXTargetDependency;
			target = D35A3E6F1AD25AFF009CD9BE /* YSCTableViewCell */;
			targetProxy = D35A3E8A1AD25AFF009CD9BE /* PBXContainerItemProxy */;
		};
/* End PBXTargetDependency section */

/* Begin PBXVariantGroup section */
		D35A3E7D1AD25AFF009CD9BE /* Main.storyboard */ = {
			isa = PBXVariantGroup;
			children = (
				D35A3E7E1AD25AFF009CD9BE /* Base */,
			);
			name = Main.storyboard;
			sourceTree = "<group>";
		};
		D35A3E821AD25AFF009CD9BE /* LaunchScreen.xib */ = {
			isa = PBXVariantGroup;
			children = (
				D35A3E831AD25AFF009CD9BE /* Base */,
			);
			name = LaunchScreen.xib;
			sourceTree = "<group>";
		};
/* End PBXVariantGroup section */

/* Begin XCBuildConfiguration section */
		D35A3E911AD25AFF009CD9BE /* Debug */ = {
			isa = XCBuildConfiguration;
			buildSettings = {
				ALWAYS_SEARCH_USER_PATHS = NO;
				CLANG_CXX_LANGUAGE_STANDARD = "gnu++0x";
				CLANG_CXX_LIBRARY = "libc++";
				CLANG_ENABLE_MODULES = YES;
				CLANG_ENABLE_OBJC_ARC = YES;
				CLANG_WARN_BOOL_CONVERSION = YES;
				CLANG_WARN_CONSTANT_CONVERSION = YES;
				CLANG_WARN_DIRECT_OBJC_ISA_USAGE = YES_ERROR;
				CLANG_WARN_EMPTY_BODY = YES;
				CLANG_WARN_ENUM_CONVERSION = YES;
				CLANG_WARN_INT_CONVERSION = YES;
				CLANG_WARN_OBJC_ROOT_CLASS = YES_ERROR;
				CLANG_WARN_UNREACHABLE_CODE = YES;
				CLANG_WARN__DUPLICATE_METHOD_MATCH = YES;
				"CODE_SIGN_IDENTITY[sdk=iphoneos*]" = "iPhone Developer";
				COPY_PHASE_STRIP = NO;
				ENABLE_STRICT_OBJC_MSGSEND = YES;
				GCC_C_LANGUAGE_STANDARD = gnu99;
				GCC_DYNAMIC_NO_PIC = NO;
				GCC_OPTIMIZATION_LEVEL = 0;
				GCC_PREPROCESSOR_DEFINITIONS = (
					"DEBUG=1",
					"$(inherited)",
				);
				GCC_SYMBOLS_PRIVATE_EXTERN = NO;
				GCC_WARN_64_TO_32_BIT_CONVERSION = YES;
				GCC_WARN_ABOUT_RETURN_TYPE = YES_ERROR;
				GCC_WARN_UNDECLARED_SELECTOR = YES;
				GCC_WARN_UNINITIALIZED_AUTOS = YES_AGGRESSIVE;
				GCC_WARN_UNUSED_FUNCTION = YES;
				GCC_WARN_UNUSED_VARIABLE = YES;
				IPHONEOS_DEPLOYMENT_TARGET = 8.1;
				MTL_ENABLE_DEBUG_INFO = YES;
				ONLY_ACTIVE_ARCH = YES;
				SDKROOT = iphoneos;
			};
			name = Debug;
		};
		D35A3E921AD25AFF009CD9BE /* Release */ = {
			isa = XCBuildConfiguration;
			buildSettings = {
				ALWAYS_SEARCH_USER_PATHS = NO;
				CLANG_CXX_LANGUAGE_STANDARD = "gnu++0x";
				CLANG_CXX_LIBRARY = "libc++";
				CLANG_ENABLE_MODULES = YES;
				CLANG_ENABLE_OBJC_ARC = YES;
				CLANG_WARN_BOOL_CONVERSION = YES;
				CLANG_WARN_CONSTANT_CONVERSION = YES;
				CLANG_WARN_DIRECT_OBJC_ISA_USAGE = YES_ERROR;
				CLANG_WARN_EMPTY_BODY = YES;
				CLANG_WARN_ENUM_CONVERSION = YES;
				CLANG_WARN_INT_CONVERSION = YES;
				CLANG_WARN_OBJC_ROOT_CLASS = YES_ERROR;
				CLANG_WARN_UNREACHABLE_CODE = YES;
				CLANG_WARN__DUPLICATE_METHOD_MATCH = YES;
				"CODE_SIGN_IDENTITY[sdk=iphoneos*]" = "iPhone Developer";
				COPY_PHASE_STRIP = YES;
				ENABLE_NS_ASSERTIONS = NO;
				ENABLE_STRICT_OBJC_MSGSEND = YES;
				GCC_C_LANGUAGE_STANDARD = gnu99;
				GCC_WARN_64_TO_32_BIT_CONVERSION = YES;
				GCC_WARN_ABOUT_RETURN_TYPE = YES_ERROR;
				GCC_WARN_UNDECLARED_SELECTOR = YES;
				GCC_WARN_UNINITIALIZED_AUTOS = YES_AGGRESSIVE;
				GCC_WARN_UNUSED_FUNCTION = YES;
				GCC_WARN_UNUSED_VARIABLE = YES;
				IPHONEOS_DEPLOYMENT_TARGET = 8.1;
				MTL_ENABLE_DEBUG_INFO = NO;
				SDKROOT = iphoneos;
				VALIDATE_PRODUCT = YES;
			};
			name = Release;
		};
		D35A3E941AD25AFF009CD9BE /* Debug */ = {
			isa = XCBuildConfiguration;
			buildSettings = {
				ASSETCATALOG_COMPILER_APPICON_NAME = AppIcon;
				INFOPLIST_FILE = YSCTableViewCell/Info.plist;
				LD_RUNPATH_SEARCH_PATHS = "$(inherited) @executable_path/Frameworks";
				PRODUCT_NAME = "$(TARGET_NAME)";
			};
			name = Debug;
		};
		D35A3E951AD25AFF009CD9BE /* Release */ = {
			isa = XCBuildConfiguration;
			buildSettings = {
				ASSETCATALOG_COMPILER_APPICON_NAME = AppIcon;
				INFOPLIST_FILE = YSCTableViewCell/Info.plist;
				LD_RUNPATH_SEARCH_PATHS = "$(inherited) @executable_path/Frameworks";
				PRODUCT_NAME = "$(TARGET_NAME)";
			};
			name = Release;
		};
		D35A3E971AD25AFF009CD9BE /* Debug */ = {
			isa = XCBuildConfiguration;
			buildSettings = {
				BUNDLE_LOADER = "$(TEST_HOST)";
				FRAMEWORK_SEARCH_PATHS = (
					"$(SDKROOT)/Developer/Library/Frameworks",
					"$(inherited)",
				);
				GCC_PREPROCESSOR_DEFINITIONS = (
					"DEBUG=1",
					"$(inherited)",
				);
				INFOPLIST_FILE = YSCTableViewCellTests/Info.plist;
				LD_RUNPATH_SEARCH_PATHS = "$(inherited) @executable_path/Frameworks @loader_path/Frameworks";
				PRODUCT_NAME = "$(TARGET_NAME)";
				TEST_HOST = "$(BUILT_PRODUCTS_DIR)/YSCTableViewCell.app/YSCTableViewCell";
			};
			name = Debug;
		};
		D35A3E981AD25AFF009CD9BE /* Release */ = {
			isa = XCBuildConfiguration;
			buildSettings = {
				BUNDLE_LOADER = "$(TEST_HOST)";
				FRAMEWORK_SEARCH_PATHS = (
					"$(SDKROOT)/Developer/Library/Frameworks",
					"$(inherited)",
				);
				INFOPLIST_FILE = YSCTableViewCellTests/Info.plist;
				LD_RUNPATH_SEARCH_PATHS = "$(inherited) @executable_path/Frameworks @loader_path/Frameworks";
				PRODUCT_NAME = "$(TARGET_NAME)";
				TEST_HOST = "$(BUILT_PRODUCTS_DIR)/YSCTableViewCell.app/YSCTableViewCell";
			};
			name = Release;
		};
/* End XCBuildConfiguration section */

/* Begin XCConfigurationList section */
		D35A3E6B1AD25AFF009CD9BE /* Build configuration list for PBXProject "YSCTableViewCell" */ = {
			isa = XCConfigurationList;
			buildConfigurations = (
				D35A3E911AD25AFF009CD9BE /* Debug */,
				D35A3E921AD25AFF009CD9BE /* Release */,
			);
			defaultConfigurationIsVisible = 0;
			defaultConfigurationName = Release;
		};
		D35A3E931AD25AFF009CD9BE /* Build configuration list for PBXNativeTarget "YSCTableViewCell" */ = {
			isa = XCConfigurationList;
			buildConfigurations = (
				D35A3E941AD25AFF009CD9BE /* Debug */,
				D35A3E951AD25AFF009CD9BE /* Release */,
			);
			defaultConfigurationIsVisible = 0;
			defaultConfigurationName = Release;
		};
		D35A3E961AD25AFF009CD9BE /* Build configuration list for PBXNativeTarget "YSCTableViewCellTests" */ = {
			isa = XCConfigurationList;
			buildConfigurations = (
				D35A3E971AD25AFF009CD9BE /* Debug */,
				D35A3E981AD25AFF009CD9BE /* Release */,
			);
			defaultConfigurationIsVisible = 0;
			defaultConfigurationName = Release;
		};
/* End XCConfigurationList section */
	};
	rootObject = D35A3E681AD25AFF009CD9BE /* Project object */;
}
